{
  "requires": true,
  "lockfileVersion": 1,
  "dependencies": {
    "angular": {
      "version": "1.7.3",
      "resolved": "https://registry.npmjs.org/angular/-/angular-1.7.3.tgz",
      "integrity": "sha512-hQRhU56shs72y88cS0Uy9g+UAMHoztJ3V+r+iF8o1AK/Bpu8ewmjFDk9j2LjSuN05a9mhxW1rOHnYKOwyTS/Zg=="
    },
    "angular-bootstrap": {
      "version": "0.12.2",
      "resolved": "https://registry.npmjs.org/angular-bootstrap/-/angular-bootstrap-0.12.2.tgz",
      "integrity": "sha1-3pkAp9sIen6dpHMEqcL3f5wGmCc="
    },
    "angular-resource": {
      "version": "1.7.3",
      "resolved": "https://registry.npmjs.org/angular-resource/-/angular-resource-1.7.3.tgz",
      "integrity": "sha512-kfdpoP/aQv3EtRiBrOUBsjvp7zxKEg/FEZZSHaOD56AwRb+FjDhRstgaiB5+6YJLr45WVJU6QyVUriwwpD+0VQ=="
    },
    "angular-route": {
      "version": "1.7.3",
      "resolved": "https://registry.npmjs.org/angular-route/-/angular-route-1.7.3.tgz",
      "integrity": "sha512-/x6kLCeiG9BCi4DZeuuPfK1G05w69uwu7x69hL4eqSq5VOUkmkbFK1oM2pIKPwkATSYT2QKK0rwPydZNBUvCsw=="
    },
    "angular-toastr": {
      "version": "2.1.1",
      "resolved": "https://registry.npmjs.org/angular-toastr/-/angular-toastr-2.1.1.tgz",
      "integrity": "sha1-n4NQykghRaRNARp1W4+zYj1gVEw="
    },
    "bootstrap": {
      "version": "3.3.7",
      "resolved": "https://registry.npmjs.org/bootstrap/-/bootstrap-3.3.7.tgz",
      "integrity": "sha1-WjiTlFSfIzMIdaOxUGVldPip63E="
    },
    "jquery": {
      "version": "3.3.1",
      "resolved": "https://registry.npmjs.org/jquery/-/jquery-3.3.1.tgz",
      "integrity": "sha512-Ubldcmxp5np52/ENotGxlLe6aGMvmF4R8S6tZjsP6Knsaxd/xp3Zrh50cG93lR6nPXyUFwzN3ZSOQI0wRJNdGg=="
    },
    "satellizer": {
      "version": "0.15.5",
      "resolved": "https://registry.npmjs.org/satellizer/-/satellizer-0.15.5.tgz",
      "integrity": "sha1-Q8k9LTYcS2ts+dBtI7iIEwK1V6Q="
    }
  }
}
